
Microsoft Visual Studio Solution File, Format Version 12.00
# Visual Studio 12
Project("{FAE04EC0-301F-11D3-BF4B-00C04F79EFBC}") = "Debugging", "Debugging.csproj", "{e5e2039c-ff88-4a94-b6a7-2a4e58f54655}"
EndProject
Global
	GlobalSection(TextTemplating) = postSolution
		TextTemplating = 1
	EndGlobalSection
	GlobalSection(SolutionConfigurationPlatforms) = preSolution
		Debug|Any CPU = Debug|Any CPU
		Release|Any CPU = Release|Any CPU
	EndGlobalSection
	GlobalSection(ProjectConfigurationPlatforms) = postSolution
		{e5e2039c-ff88-4a94-b6a7-2a4e58f54655}.Debug|Any CPU.ActiveCfg = Debug|Any CPU
		{e5e2039c-ff88-4a94-b6a7-2a4e58f54655}.Debug|Any CPU.Build.0 = Debug|Any CPU
		{e5e2039c-ff88-4a94-b6a7-2a4e58f54655}.Release|Any CPU.ActiveCfg = Release|Any CPU
		{e5e2039c-ff88-4a94-b6a7-2a4e58f54655}.Release|Any CPU.Build.0 = Release|Any CPU
	EndGlobalSection
	GlobalSection(SolutionProperties) = preSolution
		HideSolutionNode = FALSE
	EndGlobalSection
EndGlobal
